
Microsoft Visual Studio Solution File, Format Version 12.00
# Visual Studio 15
VisualStudioVersion = 15.0.27130.2027
MinimumVisualStudioVersion = 10.0.40219.1
Project("{FAE04EC0-301F-11D3-BF4B-00C04F79EFBC}") = "L2RPR", "L2RPR\L2RPR.csproj", "{FE9C08D4-38BB-41E8-A079-298CE0AD655C}"
EndProject
Global
	GlobalSection(SolutionConfigurationPlatforms) = preSolution
		Debug|Any CPU = Debug|Any CPU
		Release|Any CPU = Release|Any CPU
	EndGlobalSection
	GlobalSection(ProjectConfigurationPlatforms) = postSolution
		{FE9C08D4-38BB-41E8-A079-298CE0AD655C}.Debug|Any CPU.ActiveCfg = Debug|Any CPU
		{FE9C08D4-38BB-41E8-A079-298CE0AD655C}.Debug|Any CPU.Build.0 = Debug|Any CPU
		{FE9C08D4-38BB-41E8-A079-298CE0AD655C}.Release|Any CPU.ActiveCfg = Release|Any CPU
		{FE9C08D4-38BB-41E8-A079-298CE0AD655C}.Release|Any CPU.Build.0 = Release|Any CPU
	EndGlobalSection
	GlobalSection(SolutionProperties) = preSolution
		HideSolutionNode = FALSE
	EndGlobalSection
	GlobalSection(ExtensibilityGlobals) = postSolution
		SolutionGuid = {82D77506-5A2E-4D9C-BE53-471D62961D4C}
	EndGlobalSection
EndGlobal
